# THIS IS AN AUTOGENERATED FILE. DO NOT EDIT THIS FILE DIRECTLY.
# yarn lockfile v1


babylonjs@^4.2.0:
  version "4.2.0"
  resolved "https://registry.yarnpkg.com/babylonjs/-/babylonjs-4.2.0.tgz#8f0d957a726de4c065904b14c2f413f455145d38"
  integrity sha512-4hniJzWRkV0tDTTYGEHPk1lnfWn0HIw7HOvNWPK0rpUIbJooyeD9E5uVyHnslDedt0mtrA7QZu4i2Cz1DEmSsA==
