# THIS IS AN AUTOGENERATED FILE. DO NOT EDIT THIS FILE DIRECTLY.
# yarn lockfile v1


nocache@^3.0.1:
  version "3.0.1"
  resolved "https://registry.yarnpkg.com/nocache/-/nocache-3.0.1.tgz#54d8b53a7e0a0aa1a288cfceab8a3cefbcde67d4"
  integrity sha512-Gh39xwJwBKy0OvFmWfBs/vDO4Nl7JhnJtkqNP76OUinQz7BiMoszHYrIDHHAaqVl/QKVxCEy4ZxC/XZninu7nQ==
