# THIS IS AN AUTOGENERATED FILE. DO NOT EDIT THIS FILE DIRECTLY.
# yarn lockfile v1


"blessed@^0.1.81":
  "integrity" "sha1-+WLWh+wsNpVwrnGvhDJW5tDKESk="
  "resolved" "https://registry.npmjs.org/blessed/-/blessed-0.1.81.tgz"
  "version" "0.1.81"

"prettier@^1.18.2":
  "integrity" "sha512-s7PoyDv/II1ObgQunCbB9PdLmUcBZcnWOcxDh7O0N/UwDEsHyqkW+Qh28jW+mVuCdx7gLB0BotYI1Y6uI9iyew=="
  "resolved" "https://registry.npmjs.org/prettier/-/prettier-1.19.1.tgz"
  "version" "1.19.1"

"ws@^7.4.6":
  "integrity" "sha512-YmhHDO4MzaDLB+M9ym/mDA5z0naX8j7SIlT8f8z+I0VtzsRbekxEutHSme7NPS2qE8StCYQNUnfWdXta/Yu85A=="
  "resolved" "https://registry.npmjs.org/ws/-/ws-7.4.6.tgz"
  "version" "7.4.6"
